{
  "name": "@connection-cyber/portal-root",
  "lockfileVersion": 3,
  "requires": true,
  "packages": {
    "": {
      "name": "@connection-cyber/portal-root",
      "license": "MIT",
      "workspaces": [
        "frontend",
        "backend",
        "shared"
      ]
    },
    "node_modules/@connection-cyber/shared": {
      "resolved": "shared",
      "link": true
    },
    "shared": {
      "name": "@connection-cyber/shared",
      "version": "1.0.0"
    }
  }
}
